
Microsoft Visual Studio Solution File, Format Version 12.00
# Visual Studio Version 17
VisualStudioVersion = 17.5.33516.290
MinimumVisualStudioVersion = 10.0.40219.1
Project("{FAE04EC0-301F-11D3-BF4B-00C04F79EFBC}") = "DotnetPdfGenerator", "DotnetPdfGenerator\DotnetPdfGenerator.csproj", "{3F98CB90-FD50-437C-AC34-073D8C51E41B}"
EndProject
Global
	GlobalSection(SolutionConfigurationPlatforms) = preSolution
		Debug|Any CPU = Debug|Any CPU
		Release|Any CPU = Release|Any CPU
	EndGlobalSection
	GlobalSection(ProjectConfigurationPlatforms) = postSolution
		{3F98CB90-FD50-437C-AC34-073D8C51E41B}.Debug|Any CPU.ActiveCfg = Debug|Any CPU
		{3F98CB90-FD50-437C-AC34-073D8C51E41B}.Debug|Any CPU.Build.0 = Debug|Any CPU
		{3F98CB90-FD50-437C-AC34-073D8C51E41B}.Release|Any CPU.ActiveCfg = Release|Any CPU
		{3F98CB90-FD50-437C-AC34-073D8C51E41B}.Release|Any CPU.Build.0 = Release|Any CPU
	EndGlobalSection
	GlobalSection(SolutionProperties) = preSolution
		HideSolutionNode = FALSE
	EndGlobalSection
	GlobalSection(ExtensibilityGlobals) = postSolution
		SolutionGuid = {543A1D43-74A1-48D0-B801-247E5BCB0D95}
	EndGlobalSection
EndGlobal
